
Microsoft Visual Studio Solution File, Format Version 12.00
# Visual Studio Version 17
VisualStudioVersion = 17.10.35122.118
MinimumVisualStudioVersion = 10.0.40219.1
Project("{FAE04EC0-301F-11D3-BF4B-00C04F79EFBC}") = "SubscriptionManagement.API", "SubscriptionManagementAPI\SubscriptionManagement.API.csproj", "{2CE7E986-1A96-4347-B2CA-0B261E1D0347}"
EndProject
Project("{FAE04EC0-301F-11D3-BF4B-00C04F79EFBC}") = "SubscriptionManagement.Application", "SubscriptionManagement.Application\SubscriptionManagement.Application.csproj", "{EC133A81-257F-4CC8-A40F-73441C3C7698}"
EndProject
Project("{FAE04EC0-301F-11D3-BF4B-00C04F79EFBC}") = "SubscriptionManagement.Domain", "SubscriptionManagement.Domain\SubscriptionManagement.Domain.csproj", "{0CCD2272-3D16-44D3-AB02-3E763438FC4E}"
EndProject
Project("{FAE04EC0-301F-11D3-BF4B-00C04F79EFBC}") = "SubscriptionManagement.Infrastructure", "SubscriptionManagement.Infrastructure\SubscriptionManagement.Infrastructure.csproj", "{75E24629-3A3B-4B90-94EF-F622074AFF3A}"
EndProject
Project("{FAE04EC0-301F-11D3-BF4B-00C04F79EFBC}") = "SubscriptionManagement.API.IntegrationTest", "SubscriptionManagement.API.IntegrationTest\SubscriptionManagement.API.IntegrationTest.csproj", "{AF65584C-EBDB-4F20-8F83-87226461BFA1}"
EndProject
Global
	GlobalSection(SolutionConfigurationPlatforms) = preSolution
		Debug|Any CPU = Debug|Any CPU
		Release|Any CPU = Release|Any CPU
	EndGlobalSection
	GlobalSection(ProjectConfigurationPlatforms) = postSolution
		{2CE7E986-1A96-4347-B2CA-0B261E1D0347}.Debug|Any CPU.ActiveCfg = Debug|Any CPU
		{2CE7E986-1A96-4347-B2CA-0B261E1D0347}.Debug|Any CPU.Build.0 = Debug|Any CPU
		{2CE7E986-1A96-4347-B2CA-0B261E1D0347}.Release|Any CPU.ActiveCfg = Release|Any CPU
		{2CE7E986-1A96-4347-B2CA-0B261E1D0347}.Release|Any CPU.Build.0 = Release|Any CPU
		{EC133A81-257F-4CC8-A40F-73441C3C7698}.Debug|Any CPU.ActiveCfg = Debug|Any CPU
		{EC133A81-257F-4CC8-A40F-73441C3C7698}.Debug|Any CPU.Build.0 = Debug|Any CPU
		{EC133A81-257F-4CC8-A40F-73441C3C7698}.Release|Any CPU.ActiveCfg = Release|Any CPU
		{EC133A81-257F-4CC8-A40F-73441C3C7698}.Release|Any CPU.Build.0 = Release|Any CPU
		{0CCD2272-3D16-44D3-AB02-3E763438FC4E}.Debug|Any CPU.ActiveCfg = Debug|Any CPU
		{0CCD2272-3D16-44D3-AB02-3E763438FC4E}.Debug|Any CPU.Build.0 = Debug|Any CPU
		{0CCD2272-3D16-44D3-AB02-3E763438FC4E}.Release|Any CPU.ActiveCfg = Release|Any CPU
		{0CCD2272-3D16-44D3-AB02-3E763438FC4E}.Release|Any CPU.Build.0 = Release|Any CPU
		{75E24629-3A3B-4B90-94EF-F622074AFF3A}.Debug|Any CPU.ActiveCfg = Debug|Any CPU
		{75E24629-3A3B-4B90-94EF-F622074AFF3A}.Debug|Any CPU.Build.0 = Debug|Any CPU
		{75E24629-3A3B-4B90-94EF-F622074AFF3A}.Release|Any CPU.ActiveCfg = Release|Any CPU
		{75E24629-3A3B-4B90-94EF-F622074AFF3A}.Release|Any CPU.Build.0 = Release|Any CPU
		{AF65584C-EBDB-4F20-8F83-87226461BFA1}.Debug|Any CPU.ActiveCfg = Debug|Any CPU
		{AF65584C-EBDB-4F20-8F83-87226461BFA1}.Debug|Any CPU.Build.0 = Debug|Any CPU
		{AF65584C-EBDB-4F20-8F83-87226461BFA1}.Release|Any CPU.ActiveCfg = Release|Any CPU
		{AF65584C-EBDB-4F20-8F83-87226461BFA1}.Release|Any CPU.Build.0 = Release|Any CPU
	EndGlobalSection
	GlobalSection(SolutionProperties) = preSolution
		HideSolutionNode = FALSE
	EndGlobalSection
	GlobalSection(ExtensibilityGlobals) = postSolution
		SolutionGuid = {69125AED-E2ED-46FE-B40A-1AD875B6289D}
	EndGlobalSection
EndGlobal
